
Microsoft Visual Studio Solution File, Format Version 12.00
# Visual Studio 2013
VisualStudioVersion = 12.0.31101.0
MinimumVisualStudioVersion = 10.0.40219.1
Project("{FAE04EC0-301F-11D3-BF4B-00C04F79EFBC}") = "LCD Hardware Monitor", "LCD Hardware Monitor\LCD Hardware Monitor.csproj", "{0DF8E09D-EFF9-48F5-BE02-D85B99B2D37B}"
	ProjectSection(ProjectDependencies) = postProject
		{B0397530-545A-471D-BB74-027AE456DF1A} = {B0397530-545A-471D-BB74-027AE456DF1A}
	EndProjectSection
EndProject
Project("{FAE04EC0-301F-11D3-BF4B-00C04F79EFBC}") = "OpenHardwareMonitorLib", "modules\OpenHardwareMonitor\OpenHardwareMonitorLib.csproj", "{B0397530-545A-471D-BB74-027AE456DF1A}"
EndProject
Global
	GlobalSection(SolutionConfigurationPlatforms) = preSolution
		Debug|Any CPU = Debug|Any CPU
		Release|Any CPU = Release|Any CPU
	EndGlobalSection
	GlobalSection(ProjectConfigurationPlatforms) = postSolution
		{0DF8E09D-EFF9-48F5-BE02-D85B99B2D37B}.Debug|Any CPU.ActiveCfg = Debug|Any CPU
		{0DF8E09D-EFF9-48F5-BE02-D85B99B2D37B}.Debug|Any CPU.Build.0 = Debug|Any CPU
		{0DF8E09D-EFF9-48F5-BE02-D85B99B2D37B}.Release|Any CPU.ActiveCfg = Release|Any CPU
		{0DF8E09D-EFF9-48F5-BE02-D85B99B2D37B}.Release|Any CPU.Build.0 = Release|Any CPU
		{B0397530-545A-471D-BB74-027AE456DF1A}.Debug|Any CPU.ActiveCfg = Debug|Any CPU
		{B0397530-545A-471D-BB74-027AE456DF1A}.Debug|Any CPU.Build.0 = Debug|Any CPU
		{B0397530-545A-471D-BB74-027AE456DF1A}.Release|Any CPU.ActiveCfg = Release|Any CPU
		{B0397530-545A-471D-BB74-027AE456DF1A}.Release|Any CPU.Build.0 = Release|Any CPU
	EndGlobalSection
	GlobalSection(SolutionProperties) = preSolution
		HideSolutionNode = FALSE
	EndGlobalSection
EndGlobal
