
Microsoft Visual Studio Solution File, Format Version 12.00
# Visual Studio 14
VisualStudioVersion = 14.0.25420.1
MinimumVisualStudioVersion = 10.0.40219.1
Project("{8BC9CEB8-8B4A-11D0-8D11-00A0C91BC942}") = "OpenHardwareMonitor Plugin", "OpenHardwareMonitor Plugin\OpenHardwareMonitor Plugin.vcxproj", "{2585BAF1-E85B-4FD3-9A91-ABCB8CCF685A}"
	ProjectSection(ProjectDependencies) = postProject
		{246430DC-680A-432E-B7DE-BCC2C59CDDAE} = {246430DC-680A-432E-B7DE-BCC2C59CDDAE}
	EndProjectSection
EndProject
Project("{8BC9CEB8-8B4A-11D0-8D11-00A0C91BC942}") = "LCDHardwareMonitor", "LCDHardwareMonitor\LCDHardwareMonitor.vcxproj", "{0BBAB39F-5449-4FCE-AD78-884154644605}"
	ProjectSection(ProjectDependencies) = postProject
		{4CF4BF35-2C27-4969-BFD7-34149A9CBF12} = {4CF4BF35-2C27-4969-BFD7-34149A9CBF12}
	EndProjectSection
EndProject
Project("{8BC9CEB8-8B4A-11D0-8D11-00A0C91BC942}") = "LCDHardwareMonitor CLR Helper", "LCDHardwareMonitor CLR Helper\LCDHardwareMonitor CLR Helper.vcxproj", "{4CF4BF35-2C27-4969-BFD7-34149A9CBF12}"
	ProjectSection(ProjectDependencies) = postProject
		{246430DC-680A-432E-B7DE-BCC2C59CDDAE} = {246430DC-680A-432E-B7DE-BCC2C59CDDAE}
	EndProjectSection
EndProject
Project("{8BC9CEB8-8B4A-11D0-8D11-00A0C91BC942}") = "LCDHardwareMonitor CLR IDataSourcePlugin", "LCDHardwareMonitor CLR IDataSourcePlugin\LCDHardwareMonitor CLR IDataSourcePlugin.vcxproj", "{246430DC-680A-432E-B7DE-BCC2C59CDDAE}"
EndProject
Global
	GlobalSection(SolutionConfigurationPlatforms) = preSolution
		Debug|x64 = Debug|x64
		Debug|x86 = Debug|x86
		Release|x64 = Release|x64
		Release|x86 = Release|x86
	EndGlobalSection
	GlobalSection(ProjectConfigurationPlatforms) = postSolution
		{2585BAF1-E85B-4FD3-9A91-ABCB8CCF685A}.Debug|x64.ActiveCfg = Debug|x64
		{2585BAF1-E85B-4FD3-9A91-ABCB8CCF685A}.Debug|x64.Build.0 = Debug|x64
		{2585BAF1-E85B-4FD3-9A91-ABCB8CCF685A}.Debug|x86.ActiveCfg = Debug|Win32
		{2585BAF1-E85B-4FD3-9A91-ABCB8CCF685A}.Debug|x86.Build.0 = Debug|Win32
		{2585BAF1-E85B-4FD3-9A91-ABCB8CCF685A}.Release|x64.ActiveCfg = Release|x64
		{2585BAF1-E85B-4FD3-9A91-ABCB8CCF685A}.Release|x64.Build.0 = Release|x64
		{2585BAF1-E85B-4FD3-9A91-ABCB8CCF685A}.Release|x86.ActiveCfg = Release|Win32
		{2585BAF1-E85B-4FD3-9A91-ABCB8CCF685A}.Release|x86.Build.0 = Release|Win32
		{0BBAB39F-5449-4FCE-AD78-884154644605}.Debug|x64.ActiveCfg = Debug|x64
		{0BBAB39F-5449-4FCE-AD78-884154644605}.Debug|x64.Build.0 = Debug|x64
		{0BBAB39F-5449-4FCE-AD78-884154644605}.Debug|x86.ActiveCfg = Debug|Win32
		{0BBAB39F-5449-4FCE-AD78-884154644605}.Debug|x86.Build.0 = Debug|Win32
		{0BBAB39F-5449-4FCE-AD78-884154644605}.Release|x64.ActiveCfg = Release|x64
		{0BBAB39F-5449-4FCE-AD78-884154644605}.Release|x64.Build.0 = Release|x64
		{0BBAB39F-5449-4FCE-AD78-884154644605}.Release|x86.ActiveCfg = Release|Win32
		{0BBAB39F-5449-4FCE-AD78-884154644605}.Release|x86.Build.0 = Release|Win32
		{4CF4BF35-2C27-4969-BFD7-34149A9CBF12}.Debug|x64.ActiveCfg = Debug|x64
		{4CF4BF35-2C27-4969-BFD7-34149A9CBF12}.Debug|x64.Build.0 = Debug|x64
		{4CF4BF35-2C27-4969-BFD7-34149A9CBF12}.Debug|x86.ActiveCfg = Debug|Win32
		{4CF4BF35-2C27-4969-BFD7-34149A9CBF12}.Debug|x86.Build.0 = Debug|Win32
		{4CF4BF35-2C27-4969-BFD7-34149A9CBF12}.Release|x64.ActiveCfg = Release|x64
		{4CF4BF35-2C27-4969-BFD7-34149A9CBF12}.Release|x64.Build.0 = Release|x64
		{4CF4BF35-2C27-4969-BFD7-34149A9CBF12}.Release|x86.ActiveCfg = Release|Win32
		{4CF4BF35-2C27-4969-BFD7-34149A9CBF12}.Release|x86.Build.0 = Release|Win32
		{246430DC-680A-432E-B7DE-BCC2C59CDDAE}.Debug|x64.ActiveCfg = Debug|x64
		{246430DC-680A-432E-B7DE-BCC2C59CDDAE}.Debug|x64.Build.0 = Debug|x64
		{246430DC-680A-432E-B7DE-BCC2C59CDDAE}.Debug|x86.ActiveCfg = Debug|Win32
		{246430DC-680A-432E-B7DE-BCC2C59CDDAE}.Debug|x86.Build.0 = Debug|Win32
		{246430DC-680A-432E-B7DE-BCC2C59CDDAE}.Release|x64.ActiveCfg = Release|x64
		{246430DC-680A-432E-B7DE-BCC2C59CDDAE}.Release|x64.Build.0 = Release|x64
		{246430DC-680A-432E-B7DE-BCC2C59CDDAE}.Release|x86.ActiveCfg = Release|Win32
		{246430DC-680A-432E-B7DE-BCC2C59CDDAE}.Release|x86.Build.0 = Release|Win32
	EndGlobalSection
	GlobalSection(SolutionProperties) = preSolution
		HideSolutionNode = FALSE
	EndGlobalSection
EndGlobal
