
Microsoft Visual Studio Solution File, Format Version 12.00
# Visual Studio 14
VisualStudioVersion = 14.0.25420.1
MinimumVisualStudioVersion = 10.0.40219.1
Project("{8BC9CEB8-8B4A-11D0-8D11-00A0C91BC942}") = "LCDHardwareMonitor", "LCDHardwareMonitor\LCDHardwareMonitor.vcxproj", "{0BBAB39F-5449-4FCE-AD78-884154644605}"
	ProjectSection(ProjectDependencies) = postProject
		{4CF4BF35-2C27-4969-BFD7-34149A9CBF12} = {4CF4BF35-2C27-4969-BFD7-34149A9CBF12}
		{7DA05A6B-45B5-4877-B211-14ED51B5388B} = {7DA05A6B-45B5-4877-B211-14ED51B5388B}
		{2585BAF1-E85B-4FD3-9A91-ABCB8CCF685A} = {2585BAF1-E85B-4FD3-9A91-ABCB8CCF685A}
	EndProjectSection
EndProject
Project("{2150E333-8FDC-42A3-9474-1A3956D46DE8}") = "LCDHardwareMonitor API", "LCDHardwareMonitor API", "{CC1638D1-8331-4AC6-AF7B-1E0D9B07EDC0}"
	ProjectSection(SolutionItems) = preProject
		LCDHardwareMonitor API\LHMAPI.h = LCDHardwareMonitor API\LHMAPI.h
		LCDHardwareMonitor API\LHMAPICLR.h = LCDHardwareMonitor API\LHMAPICLR.h
		LCDHardwareMonitor API\LHMCommon.h = LCDHardwareMonitor API\LHMCommon.h
		LCDHardwareMonitor API\LHMCompiler.h = LCDHardwareMonitor API\LHMCompiler.h
		LCDHardwareMonitor API\LHMDefer.hpp = LCDHardwareMonitor API\LHMDefer.hpp
		LCDHardwareMonitor API\LHMList.hpp = LCDHardwareMonitor API\LHMList.hpp
		LCDHardwareMonitor API\LHMMath.hpp = LCDHardwareMonitor API\LHMMath.hpp
		LCDHardwareMonitor API\LHMPluginInfo.h = LCDHardwareMonitor API\LHMPluginInfo.h
		LCDHardwareMonitor API\LHMSensor.h = LCDHardwareMonitor API\LHMSensor.h
		LCDHardwareMonitor API\LHMSensorPlugin.h = LCDHardwareMonitor API\LHMSensorPlugin.h
		LCDHardwareMonitor API\LHMSlice.hpp = LCDHardwareMonitor API\LHMSlice.hpp
		LCDHardwareMonitor API\LHMString.hpp = LCDHardwareMonitor API\LHMString.hpp
		LCDHardwareMonitor API\LHMWidget.h = LCDHardwareMonitor API\LHMWidget.h
		LCDHardwareMonitor API\LHMWidgetPlugin.h = LCDHardwareMonitor API\LHMWidgetPlugin.h
	EndProjectSection
EndProject
Project("{8BC9CEB8-8B4A-11D0-8D11-00A0C91BC942}") = "LCDHardwareMonitor API CLR", "LCDHardwareMonitor API CLR\LCDHardwareMonitor API CLR.vcxproj", "{246430DC-680A-432E-B7DE-BCC2C59CDDAE}"
EndProject
Project("{8BC9CEB8-8B4A-11D0-8D11-00A0C91BC942}") = "LCDHardwareMonitor PluginLoader CLR", "LCDHardwareMonitor PluginLoader CLR\LCDHardwareMonitor PluginLoader CLR.vcxproj", "{4CF4BF35-2C27-4969-BFD7-34149A9CBF12}"
EndProject
Project("{8BC9CEB8-8B4A-11D0-8D11-00A0C91BC942}") = "Sensor Plugin - OpenHardwareMonitor", "Sensor Plugin - OpenHardwareMonitor\Sensor Plugin - OpenHardwareMonitor.vcxproj", "{2585BAF1-E85B-4FD3-9A91-ABCB8CCF685A}"
EndProject
Project("{8BC9CEB8-8B4A-11D0-8D11-00A0C91BC942}") = "Widget Plugin - Filled Bar", "Widget Plugin - Filled Bar\Widget Plugin - Filled Bar.vcxproj", "{7DA05A6B-45B5-4877-B211-14ED51B5388B}"
EndProject
Global
	GlobalSection(SolutionConfigurationPlatforms) = preSolution
		Debug|x64 = Debug|x64
		Debug|x86 = Debug|x86
		Release|x64 = Release|x64
		Release|x86 = Release|x86
	EndGlobalSection
	GlobalSection(ProjectConfigurationPlatforms) = postSolution
		{0BBAB39F-5449-4FCE-AD78-884154644605}.Debug|x64.ActiveCfg = Debug|x64
		{0BBAB39F-5449-4FCE-AD78-884154644605}.Debug|x64.Build.0 = Debug|x64
		{0BBAB39F-5449-4FCE-AD78-884154644605}.Debug|x86.ActiveCfg = Debug|Win32
		{0BBAB39F-5449-4FCE-AD78-884154644605}.Debug|x86.Build.0 = Debug|Win32
		{0BBAB39F-5449-4FCE-AD78-884154644605}.Release|x64.ActiveCfg = Release|x64
		{0BBAB39F-5449-4FCE-AD78-884154644605}.Release|x64.Build.0 = Release|x64
		{0BBAB39F-5449-4FCE-AD78-884154644605}.Release|x86.ActiveCfg = Release|Win32
		{0BBAB39F-5449-4FCE-AD78-884154644605}.Release|x86.Build.0 = Release|Win32
		{246430DC-680A-432E-B7DE-BCC2C59CDDAE}.Debug|x64.ActiveCfg = Debug|x64
		{246430DC-680A-432E-B7DE-BCC2C59CDDAE}.Debug|x64.Build.0 = Debug|x64
		{246430DC-680A-432E-B7DE-BCC2C59CDDAE}.Debug|x86.ActiveCfg = Debug|Win32
		{246430DC-680A-432E-B7DE-BCC2C59CDDAE}.Debug|x86.Build.0 = Debug|Win32
		{246430DC-680A-432E-B7DE-BCC2C59CDDAE}.Release|x64.ActiveCfg = Release|x64
		{246430DC-680A-432E-B7DE-BCC2C59CDDAE}.Release|x64.Build.0 = Release|x64
		{246430DC-680A-432E-B7DE-BCC2C59CDDAE}.Release|x86.ActiveCfg = Release|Win32
		{246430DC-680A-432E-B7DE-BCC2C59CDDAE}.Release|x86.Build.0 = Release|Win32
		{4CF4BF35-2C27-4969-BFD7-34149A9CBF12}.Debug|x64.ActiveCfg = Debug|x64
		{4CF4BF35-2C27-4969-BFD7-34149A9CBF12}.Debug|x64.Build.0 = Debug|x64
		{4CF4BF35-2C27-4969-BFD7-34149A9CBF12}.Debug|x86.ActiveCfg = Debug|Win32
		{4CF4BF35-2C27-4969-BFD7-34149A9CBF12}.Debug|x86.Build.0 = Debug|Win32
		{4CF4BF35-2C27-4969-BFD7-34149A9CBF12}.Release|x64.ActiveCfg = Release|x64
		{4CF4BF35-2C27-4969-BFD7-34149A9CBF12}.Release|x64.Build.0 = Release|x64
		{4CF4BF35-2C27-4969-BFD7-34149A9CBF12}.Release|x86.ActiveCfg = Release|Win32
		{4CF4BF35-2C27-4969-BFD7-34149A9CBF12}.Release|x86.Build.0 = Release|Win32
		{2585BAF1-E85B-4FD3-9A91-ABCB8CCF685A}.Debug|x64.ActiveCfg = Debug|x64
		{2585BAF1-E85B-4FD3-9A91-ABCB8CCF685A}.Debug|x64.Build.0 = Debug|x64
		{2585BAF1-E85B-4FD3-9A91-ABCB8CCF685A}.Debug|x86.ActiveCfg = Debug|Win32
		{2585BAF1-E85B-4FD3-9A91-ABCB8CCF685A}.Debug|x86.Build.0 = Debug|Win32
		{2585BAF1-E85B-4FD3-9A91-ABCB8CCF685A}.Release|x64.ActiveCfg = Release|x64
		{2585BAF1-E85B-4FD3-9A91-ABCB8CCF685A}.Release|x64.Build.0 = Release|x64
		{2585BAF1-E85B-4FD3-9A91-ABCB8CCF685A}.Release|x86.ActiveCfg = Release|Win32
		{2585BAF1-E85B-4FD3-9A91-ABCB8CCF685A}.Release|x86.Build.0 = Release|Win32
		{7DA05A6B-45B5-4877-B211-14ED51B5388B}.Debug|x64.ActiveCfg = Debug|x64
		{7DA05A6B-45B5-4877-B211-14ED51B5388B}.Debug|x64.Build.0 = Debug|x64
		{7DA05A6B-45B5-4877-B211-14ED51B5388B}.Debug|x86.ActiveCfg = Debug|Win32
		{7DA05A6B-45B5-4877-B211-14ED51B5388B}.Debug|x86.Build.0 = Debug|Win32
		{7DA05A6B-45B5-4877-B211-14ED51B5388B}.Release|x64.ActiveCfg = Release|x64
		{7DA05A6B-45B5-4877-B211-14ED51B5388B}.Release|x64.Build.0 = Release|x64
		{7DA05A6B-45B5-4877-B211-14ED51B5388B}.Release|x86.ActiveCfg = Release|Win32
		{7DA05A6B-45B5-4877-B211-14ED51B5388B}.Release|x86.Build.0 = Release|Win32
	EndGlobalSection
	GlobalSection(SolutionProperties) = preSolution
		HideSolutionNode = FALSE
	EndGlobalSection
EndGlobal
